
Microsoft Visual Studio Solution File, Format Version 12.00
# Visual Studio Version 17
VisualStudioVersion = 17.0.32126.317
MinimumVisualStudioVersion = 10.0.40219.1
Project("{FAE04EC0-301F-11D3-BF4B-00C04F79EFBC}") = "Homework", "Homework\Homework.csproj", "{A73C482E-9326-4219-886D-EE5652AA3C1E}"
EndProject
Project("{FAE04EC0-301F-11D3-BF4B-00C04F79EFBC}") = "HomeworkClassLibrary", "HomeworkClassLibrary\HomeworkClassLibrary.csproj", "{1FA59A68-E79C-4F7B-8208-C0E937FECD98}"
EndProject
Project("{FAE04EC0-301F-11D3-BF4B-00C04F79EFBC}") = "Lesson", "Lesson\Lesson.csproj", "{BC8B37FF-2CFE-4884-B0FE-81F537DB7C2B}"
EndProject
Global
	GlobalSection(SolutionConfigurationPlatforms) = preSolution
		Debug|Any CPU = Debug|Any CPU
		Release|Any CPU = Release|Any CPU
	EndGlobalSection
	GlobalSection(ProjectConfigurationPlatforms) = postSolution
		{A73C482E-9326-4219-886D-EE5652AA3C1E}.Debug|Any CPU.ActiveCfg = Debug|Any CPU
		{A73C482E-9326-4219-886D-EE5652AA3C1E}.Debug|Any CPU.Build.0 = Debug|Any CPU
		{A73C482E-9326-4219-886D-EE5652AA3C1E}.Release|Any CPU.ActiveCfg = Release|Any CPU
		{A73C482E-9326-4219-886D-EE5652AA3C1E}.Release|Any CPU.Build.0 = Release|Any CPU
		{1FA59A68-E79C-4F7B-8208-C0E937FECD98}.Debug|Any CPU.ActiveCfg = Debug|Any CPU
		{1FA59A68-E79C-4F7B-8208-C0E937FECD98}.Debug|Any CPU.Build.0 = Debug|Any CPU
		{1FA59A68-E79C-4F7B-8208-C0E937FECD98}.Release|Any CPU.ActiveCfg = Release|Any CPU
		{1FA59A68-E79C-4F7B-8208-C0E937FECD98}.Release|Any CPU.Build.0 = Release|Any CPU
		{BC8B37FF-2CFE-4884-B0FE-81F537DB7C2B}.Debug|Any CPU.ActiveCfg = Debug|Any CPU
		{BC8B37FF-2CFE-4884-B0FE-81F537DB7C2B}.Debug|Any CPU.Build.0 = Debug|Any CPU
		{BC8B37FF-2CFE-4884-B0FE-81F537DB7C2B}.Release|Any CPU.ActiveCfg = Release|Any CPU
		{BC8B37FF-2CFE-4884-B0FE-81F537DB7C2B}.Release|Any CPU.Build.0 = Release|Any CPU
	EndGlobalSection
	GlobalSection(SolutionProperties) = preSolution
		HideSolutionNode = FALSE
	EndGlobalSection
	GlobalSection(ExtensibilityGlobals) = postSolution
		SolutionGuid = {15974F2A-AC3E-445F-9882-BC59BB4D0529}
	EndGlobalSection
EndGlobal
